
Microsoft Visual Studio Solution File, Format Version 12.00
# Visual Studio Version 16
VisualStudioVersion = 16.0.29911.84
MinimumVisualStudioVersion = 10.0.40219.1
Project("{FAE04EC0-301F-11D3-BF4B-00C04F79EFBC}") = "Graph", "Graph\Graph.csproj", "{3EE17D09-6A27-4A2F-AD52-D04A61C22764}"
EndProject
Project("{FAE04EC0-301F-11D3-BF4B-00C04F79EFBC}") = "GraphTests", "GraphTests\GraphTests.csproj", "{A2C0EAB0-F682-497B-AE49-BE3BF585885B}"
EndProject
Global
	GlobalSection(SolutionConfigurationPlatforms) = preSolution
		Debug|Any CPU = Debug|Any CPU
		Release|Any CPU = Release|Any CPU
	EndGlobalSection
	GlobalSection(ProjectConfigurationPlatforms) = postSolution
		{3EE17D09-6A27-4A2F-AD52-D04A61C22764}.Debug|Any CPU.ActiveCfg = Debug|Any CPU
		{3EE17D09-6A27-4A2F-AD52-D04A61C22764}.Debug|Any CPU.Build.0 = Debug|Any CPU
		{3EE17D09-6A27-4A2F-AD52-D04A61C22764}.Release|Any CPU.ActiveCfg = Release|Any CPU
		{3EE17D09-6A27-4A2F-AD52-D04A61C22764}.Release|Any CPU.Build.0 = Release|Any CPU
		{A2C0EAB0-F682-497B-AE49-BE3BF585885B}.Debug|Any CPU.ActiveCfg = Debug|Any CPU
		{A2C0EAB0-F682-497B-AE49-BE3BF585885B}.Debug|Any CPU.Build.0 = Debug|Any CPU
		{A2C0EAB0-F682-497B-AE49-BE3BF585885B}.Release|Any CPU.ActiveCfg = Release|Any CPU
		{A2C0EAB0-F682-497B-AE49-BE3BF585885B}.Release|Any CPU.Build.0 = Release|Any CPU
	EndGlobalSection
	GlobalSection(SolutionProperties) = preSolution
		HideSolutionNode = FALSE
	EndGlobalSection
	GlobalSection(ExtensibilityGlobals) = postSolution
		SolutionGuid = {046BE73B-0632-45BC-A691-E5F197B8A045}
	EndGlobalSection
EndGlobal
