
Microsoft Visual Studio Solution File, Format Version 12.00
# Visual Studio Version 16
VisualStudioVersion = 16.0.29911.84
MinimumVisualStudioVersion = 10.0.40219.1
Project("{FAE04EC0-301F-11D3-BF4B-00C04F79EFBC}") = "InsertionSort", "InsertionSort\InsertionSort.csproj", "{66716148-2147-4968-9B5E-090C63B921EE}"
EndProject
Global
	GlobalSection(SolutionConfigurationPlatforms) = preSolution
		Debug|Any CPU = Debug|Any CPU
		Release|Any CPU = Release|Any CPU
	EndGlobalSection
	GlobalSection(ProjectConfigurationPlatforms) = postSolution
		{66716148-2147-4968-9B5E-090C63B921EE}.Debug|Any CPU.ActiveCfg = Debug|Any CPU
		{66716148-2147-4968-9B5E-090C63B921EE}.Debug|Any CPU.Build.0 = Debug|Any CPU
		{66716148-2147-4968-9B5E-090C63B921EE}.Release|Any CPU.ActiveCfg = Release|Any CPU
		{66716148-2147-4968-9B5E-090C63B921EE}.Release|Any CPU.Build.0 = Release|Any CPU
	EndGlobalSection
	GlobalSection(SolutionProperties) = preSolution
		HideSolutionNode = FALSE
	EndGlobalSection
	GlobalSection(ExtensibilityGlobals) = postSolution
		SolutionGuid = {D948BE89-089D-4333-8288-B9AD49CDB811}
	EndGlobalSection
EndGlobal
