
Microsoft Visual Studio Solution File, Format Version 12.00
# Visual Studio Version 16
VisualStudioVersion = 16.0.29911.84
MinimumVisualStudioVersion = 10.0.40219.1
Project("{9A19103F-16F7-4668-BE54-9A1E7A4F7556}") = "LLMerge", "LLMerge\LLMerge.csproj", "{0B9EEA57-4049-4FAC-AB2A-8813DB7F2ECD}"
EndProject
Project("{FAE04EC0-301F-11D3-BF4B-00C04F79EFBC}") = "XUnitTestProject1", "XUnitTestProject1\XUnitTestProject1.csproj", "{00365809-A9B5-4F09-B077-10FBEDF53C5C}"
EndProject
Global
	GlobalSection(SolutionConfigurationPlatforms) = preSolution
		Debug|Any CPU = Debug|Any CPU
		Release|Any CPU = Release|Any CPU
	EndGlobalSection
	GlobalSection(ProjectConfigurationPlatforms) = postSolution
		{0B9EEA57-4049-4FAC-AB2A-8813DB7F2ECD}.Debug|Any CPU.ActiveCfg = Debug|Any CPU
		{0B9EEA57-4049-4FAC-AB2A-8813DB7F2ECD}.Debug|Any CPU.Build.0 = Debug|Any CPU
		{0B9EEA57-4049-4FAC-AB2A-8813DB7F2ECD}.Release|Any CPU.ActiveCfg = Release|Any CPU
		{0B9EEA57-4049-4FAC-AB2A-8813DB7F2ECD}.Release|Any CPU.Build.0 = Release|Any CPU
		{00365809-A9B5-4F09-B077-10FBEDF53C5C}.Debug|Any CPU.ActiveCfg = Debug|Any CPU
		{00365809-A9B5-4F09-B077-10FBEDF53C5C}.Debug|Any CPU.Build.0 = Debug|Any CPU
		{00365809-A9B5-4F09-B077-10FBEDF53C5C}.Release|Any CPU.ActiveCfg = Release|Any CPU
		{00365809-A9B5-4F09-B077-10FBEDF53C5C}.Release|Any CPU.Build.0 = Release|Any CPU
	EndGlobalSection
	GlobalSection(SolutionProperties) = preSolution
		HideSolutionNode = FALSE
	EndGlobalSection
	GlobalSection(ExtensibilityGlobals) = postSolution
		SolutionGuid = {F53AAC86-54A1-4802-B291-D8916811DB8A}
	EndGlobalSection
EndGlobal
